
Microsoft Visual Studio Solution File, Format Version 12.00
# Visual Studio Version 17
VisualStudioVersion = 17.6.33815.320
MinimumVisualStudioVersion = 10.0.40219.1
Project("{9A19103F-16F7-4668-BE54-9A1E7A4F7556}") = "BookStore.API", "BookStore.API\BookStore.API.csproj", "{E3997B14-9942-4953-99FA-ADF49B2AAD32}"
EndProject
Project("{9A19103F-16F7-4668-BE54-9A1E7A4F7556}") = "OrderProcessing.API", "OrderProcessing.API\OrderProcessing.API.csproj", "{6CDC7BC9-7801-4290-B444-EF6BB959D0A3}"
EndProject
Project("{9A19103F-16F7-4668-BE54-9A1E7A4F7556}") = "InventoryManagement.API", "InventoryManagement.API\InventoryManagement.API.csproj", "{CFBDE049-5BF6-4367-A0F6-B5EAB6AA19E2}"
EndProject
Project("{9A19103F-16F7-4668-BE54-9A1E7A4F7556}") = "BookStoreApplication", "BookStoreApplication\BookStoreApplication.csproj", "{15DC35CE-6577-4D20-84DB-3435ACE33B51}"
EndProject
Project("{9A19103F-16F7-4668-BE54-9A1E7A4F7556}") = "OrderProcessingApplication", "OrderProcessingApplication\OrderProcessingApplication.csproj", "{52AFADE8-F436-4448-A4CA-8C8F89237CED}"
EndProject
Project("{9A19103F-16F7-4668-BE54-9A1E7A4F7556}") = "InventoryManagementApplication", "InventoryManagementApplication\InventoryManagementApplication.csproj", "{E20CB002-4617-4B35-8F0C-83CF4B03C259}"
EndProject
Project("{9A19103F-16F7-4668-BE54-9A1E7A4F7556}") = "BookStoreDomain", "BookStoreDomain\BookStoreDomain.csproj", "{580E8D1F-AEF6-4FFC-92D2-5A85CE8BF9BC}"
EndProject
Project("{9A19103F-16F7-4668-BE54-9A1E7A4F7556}") = "InventoryManagementDomain", "InventoryManagementDomain\InventoryManagementDomain.csproj", "{78606629-667F-415F-98C8-CEE0C2105B59}"
EndProject
Project("{9A19103F-16F7-4668-BE54-9A1E7A4F7556}") = "OrderProcessingDomain", "OrderProcessingDomain\OrderProcessingDomain.csproj", "{78696993-2CB7-43ED-A722-BC3ADDE67788}"
EndProject
Project("{9A19103F-16F7-4668-BE54-9A1E7A4F7556}") = "BookStorePersistence", "BookStorePersistence\BookStorePersistence.csproj", "{E23AA31E-7A2A-48A4-85FB-9FE53B7CB8A8}"
EndProject
Project("{9A19103F-16F7-4668-BE54-9A1E7A4F7556}") = "InventoryManagementPersistence", "InventoryManagementPersistence\InventoryManagementPersistence.csproj", "{1D895E84-9488-488B-8FD5-C9700BC78F25}"
EndProject
Project("{9A19103F-16F7-4668-BE54-9A1E7A4F7556}") = "OrderProcessingPersistence", "OrderProcessingPersistence\OrderProcessingPersistence.csproj", "{2EA128F5-4F51-4B4B-A108-10DB48BFAB5E}"
EndProject
Global
	GlobalSection(SolutionConfigurationPlatforms) = preSolution
		Debug|Any CPU = Debug|Any CPU
		Release|Any CPU = Release|Any CPU
	EndGlobalSection
	GlobalSection(ProjectConfigurationPlatforms) = postSolution
		{E3997B14-9942-4953-99FA-ADF49B2AAD32}.Debug|Any CPU.ActiveCfg = Debug|Any CPU
		{E3997B14-9942-4953-99FA-ADF49B2AAD32}.Debug|Any CPU.Build.0 = Debug|Any CPU
		{E3997B14-9942-4953-99FA-ADF49B2AAD32}.Release|Any CPU.ActiveCfg = Release|Any CPU
		{E3997B14-9942-4953-99FA-ADF49B2AAD32}.Release|Any CPU.Build.0 = Release|Any CPU
		{6CDC7BC9-7801-4290-B444-EF6BB959D0A3}.Debug|Any CPU.ActiveCfg = Debug|Any CPU
		{6CDC7BC9-7801-4290-B444-EF6BB959D0A3}.Debug|Any CPU.Build.0 = Debug|Any CPU
		{6CDC7BC9-7801-4290-B444-EF6BB959D0A3}.Release|Any CPU.ActiveCfg = Release|Any CPU
		{6CDC7BC9-7801-4290-B444-EF6BB959D0A3}.Release|Any CPU.Build.0 = Release|Any CPU
		{CFBDE049-5BF6-4367-A0F6-B5EAB6AA19E2}.Debug|Any CPU.ActiveCfg = Debug|Any CPU
		{CFBDE049-5BF6-4367-A0F6-B5EAB6AA19E2}.Debug|Any CPU.Build.0 = Debug|Any CPU
		{CFBDE049-5BF6-4367-A0F6-B5EAB6AA19E2}.Release|Any CPU.ActiveCfg = Release|Any CPU
		{CFBDE049-5BF6-4367-A0F6-B5EAB6AA19E2}.Release|Any CPU.Build.0 = Release|Any CPU
		{15DC35CE-6577-4D20-84DB-3435ACE33B51}.Debug|Any CPU.ActiveCfg = Debug|Any CPU
		{15DC35CE-6577-4D20-84DB-3435ACE33B51}.Debug|Any CPU.Build.0 = Debug|Any CPU
		{15DC35CE-6577-4D20-84DB-3435ACE33B51}.Release|Any CPU.ActiveCfg = Release|Any CPU
		{15DC35CE-6577-4D20-84DB-3435ACE33B51}.Release|Any CPU.Build.0 = Release|Any CPU
		{52AFADE8-F436-4448-A4CA-8C8F89237CED}.Debug|Any CPU.ActiveCfg = Debug|Any CPU
		{52AFADE8-F436-4448-A4CA-8C8F89237CED}.Debug|Any CPU.Build.0 = Debug|Any CPU
		{52AFADE8-F436-4448-A4CA-8C8F89237CED}.Release|Any CPU.ActiveCfg = Release|Any CPU
		{52AFADE8-F436-4448-A4CA-8C8F89237CED}.Release|Any CPU.Build.0 = Release|Any CPU
		{E20CB002-4617-4B35-8F0C-83CF4B03C259}.Debug|Any CPU.ActiveCfg = Debug|Any CPU
		{E20CB002-4617-4B35-8F0C-83CF4B03C259}.Debug|Any CPU.Build.0 = Debug|Any CPU
		{E20CB002-4617-4B35-8F0C-83CF4B03C259}.Release|Any CPU.ActiveCfg = Release|Any CPU
		{E20CB002-4617-4B35-8F0C-83CF4B03C259}.Release|Any CPU.Build.0 = Release|Any CPU
		{580E8D1F-AEF6-4FFC-92D2-5A85CE8BF9BC}.Debug|Any CPU.ActiveCfg = Debug|Any CPU
		{580E8D1F-AEF6-4FFC-92D2-5A85CE8BF9BC}.Debug|Any CPU.Build.0 = Debug|Any CPU
		{580E8D1F-AEF6-4FFC-92D2-5A85CE8BF9BC}.Release|Any CPU.ActiveCfg = Release|Any CPU
		{580E8D1F-AEF6-4FFC-92D2-5A85CE8BF9BC}.Release|Any CPU.Build.0 = Release|Any CPU
		{78606629-667F-415F-98C8-CEE0C2105B59}.Debug|Any CPU.ActiveCfg = Debug|Any CPU
		{78606629-667F-415F-98C8-CEE0C2105B59}.Debug|Any CPU.Build.0 = Debug|Any CPU
		{78606629-667F-415F-98C8-CEE0C2105B59}.Release|Any CPU.ActiveCfg = Release|Any CPU
		{78606629-667F-415F-98C8-CEE0C2105B59}.Release|Any CPU.Build.0 = Release|Any CPU
		{78696993-2CB7-43ED-A722-BC3ADDE67788}.Debug|Any CPU.ActiveCfg = Debug|Any CPU
		{78696993-2CB7-43ED-A722-BC3ADDE67788}.Debug|Any CPU.Build.0 = Debug|Any CPU
		{78696993-2CB7-43ED-A722-BC3ADDE67788}.Release|Any CPU.ActiveCfg = Release|Any CPU
		{78696993-2CB7-43ED-A722-BC3ADDE67788}.Release|Any CPU.Build.0 = Release|Any CPU
		{E23AA31E-7A2A-48A4-85FB-9FE53B7CB8A8}.Debug|Any CPU.ActiveCfg = Debug|Any CPU
		{E23AA31E-7A2A-48A4-85FB-9FE53B7CB8A8}.Debug|Any CPU.Build.0 = Debug|Any CPU
		{E23AA31E-7A2A-48A4-85FB-9FE53B7CB8A8}.Release|Any CPU.ActiveCfg = Release|Any CPU
		{E23AA31E-7A2A-48A4-85FB-9FE53B7CB8A8}.Release|Any CPU.Build.0 = Release|Any CPU
		{1D895E84-9488-488B-8FD5-C9700BC78F25}.Debug|Any CPU.ActiveCfg = Debug|Any CPU
		{1D895E84-9488-488B-8FD5-C9700BC78F25}.Debug|Any CPU.Build.0 = Debug|Any CPU
		{1D895E84-9488-488B-8FD5-C9700BC78F25}.Release|Any CPU.ActiveCfg = Release|Any CPU
		{1D895E84-9488-488B-8FD5-C9700BC78F25}.Release|Any CPU.Build.0 = Release|Any CPU
		{2EA128F5-4F51-4B4B-A108-10DB48BFAB5E}.Debug|Any CPU.ActiveCfg = Debug|Any CPU
		{2EA128F5-4F51-4B4B-A108-10DB48BFAB5E}.Debug|Any CPU.Build.0 = Debug|Any CPU
		{2EA128F5-4F51-4B4B-A108-10DB48BFAB5E}.Release|Any CPU.ActiveCfg = Release|Any CPU
		{2EA128F5-4F51-4B4B-A108-10DB48BFAB5E}.Release|Any CPU.Build.0 = Release|Any CPU
	EndGlobalSection
	GlobalSection(SolutionProperties) = preSolution
		HideSolutionNode = FALSE
	EndGlobalSection
	GlobalSection(ExtensibilityGlobals) = postSolution
		SolutionGuid = {CCBCA554-C82E-4F67-9DCC-7EA76634EFB9}
	EndGlobalSection
EndGlobal
